
Microsoft Visual Studio Solution File, Format Version 12.00
# Visual Studio Version 17
VisualStudioVersion = 17.14.36915.13 d17.14
MinimumVisualStudioVersion = 10.0.40219.1
Project("{FAE04EC0-301F-11D3-BF4B-00C04F79EFBC}") = "GestaoPatrimonios", "GestaoPatrimonios\GestaoPatrimonios.csproj", "{769C1085-4D55-4173-831C-DA8276FFFE99}"
EndProject
Global
	GlobalSection(SolutionConfigurationPlatforms) = preSolution
		Debug|Any CPU = Debug|Any CPU
		Release|Any CPU = Release|Any CPU
	EndGlobalSection
	GlobalSection(ProjectConfigurationPlatforms) = postSolution
		{769C1085-4D55-4173-831C-DA8276FFFE99}.Debug|Any CPU.ActiveCfg = Debug|Any CPU
		{769C1085-4D55-4173-831C-DA8276FFFE99}.Debug|Any CPU.Build.0 = Debug|Any CPU
		{769C1085-4D55-4173-831C-DA8276FFFE99}.Release|Any CPU.ActiveCfg = Release|Any CPU
		{769C1085-4D55-4173-831C-DA8276FFFE99}.Release|Any CPU.Build.0 = Release|Any CPU
	EndGlobalSection
	GlobalSection(SolutionProperties) = preSolution
		HideSolutionNode = FALSE
	EndGlobalSection
	GlobalSection(ExtensibilityGlobals) = postSolution
		SolutionGuid = {DF6092F1-B360-4178-B15D-5E6719F6289F}
	EndGlobalSection
EndGlobal
